
Microsoft Visual Studio Solution File, Format Version 12.00
# Visual Studio Version 16
VisualStudioVersion = 16.0.31729.503
MinimumVisualStudioVersion = 10.0.40219.1
Project("{9A19103F-16F7-4668-BE54-9A1E7A4F7556}") = "homework-10", "homework-10\homework-10.csproj", "{7E94D01B-5AE0-4850-94D3-704A0A2B40AA}"
EndProject
Global
	GlobalSection(SolutionConfigurationPlatforms) = preSolution
		Debug|Any CPU = Debug|Any CPU
		Release|Any CPU = Release|Any CPU
	EndGlobalSection
	GlobalSection(ProjectConfigurationPlatforms) = postSolution
		{7E94D01B-5AE0-4850-94D3-704A0A2B40AA}.Debug|Any CPU.ActiveCfg = Debug|Any CPU
		{7E94D01B-5AE0-4850-94D3-704A0A2B40AA}.Debug|Any CPU.Build.0 = Debug|Any CPU
		{7E94D01B-5AE0-4850-94D3-704A0A2B40AA}.Release|Any CPU.ActiveCfg = Release|Any CPU
		{7E94D01B-5AE0-4850-94D3-704A0A2B40AA}.Release|Any CPU.Build.0 = Release|Any CPU
	EndGlobalSection
	GlobalSection(SolutionProperties) = preSolution
		HideSolutionNode = FALSE
	EndGlobalSection
	GlobalSection(ExtensibilityGlobals) = postSolution
		SolutionGuid = {D2994C79-2C96-4E08-8CF5-8F7BC1B23744}
	EndGlobalSection
EndGlobal
